github.com/0mlml/cfgparser v1.2.0 h1:XbnGgANMN7sy/+7lVd4OwTV6Xgc8qniJ+2sx18pEl3E=
github.com/0mlml/cfgparser v1.2.0/go.mod h1:UNZi9H4VLBE0fUUSuc/oG0il8Yjzc29+zOpP50p0FF0=
golang.org/x/crypto v0.15.0 h1:frVn1TEaCEaZcn3Tmd7Y2b5KKPaZ+I32Q2OA3kYp5TA=
golang.org/x/crypto v0.15.0/go.mod h1:4ChreQoLWfG3xLDer1WdlH5NdlQ3+mwnQq1YTKY+72g=
